
Microsoft Visual Studio Solution File, Format Version 12.00
# Visual Studio Version 17
VisualStudioVersion = 17.8.34525.116
MinimumVisualStudioVersion = 10.0.40219.1
Project("{FAE04EC0-301F-11D3-BF4B-00C04F79EFBC}") = "Assinment_1", "Assinment_1\Assinment_1.csproj", "{9928BBAC-1BB3-4DD4-BC65-749772647D91}"
EndProject
Global
	GlobalSection(SolutionConfigurationPlatforms) = preSolution
		Debug|Any CPU = Debug|Any CPU
		Release|Any CPU = Release|Any CPU
	EndGlobalSection
	GlobalSection(ProjectConfigurationPlatforms) = postSolution
		{9928BBAC-1BB3-4DD4-BC65-749772647D91}.Debug|Any CPU.ActiveCfg = Debug|Any CPU
		{9928BBAC-1BB3-4DD4-BC65-749772647D91}.Debug|Any CPU.Build.0 = Debug|Any CPU
		{9928BBAC-1BB3-4DD4-BC65-749772647D91}.Release|Any CPU.ActiveCfg = Release|Any CPU
		{9928BBAC-1BB3-4DD4-BC65-749772647D91}.Release|Any CPU.Build.0 = Release|Any CPU
	EndGlobalSection
	GlobalSection(SolutionProperties) = preSolution
		HideSolutionNode = FALSE
	EndGlobalSection
	GlobalSection(ExtensibilityGlobals) = postSolution
		SolutionGuid = {5BB25982-B6FA-4392-A647-FB5DB19C9389}
	EndGlobalSection
EndGlobal
